
Microsoft Visual Studio Solution File, Format Version 12.00
# Visual Studio 15
VisualStudioVersion = 15.0.27924.0
MinimumVisualStudioVersion = 10.0.40219.1
Project("{FAE04EC0-301F-11D3-BF4B-00C04F79EFBC}") = "SecurityTokenService", "SecurityTokenService\SecurityTokenService.csproj", "{31E33BB5-EDBD-47CF-8217-CC802E14FDB4}"
EndProject
Global
	GlobalSection(SolutionConfigurationPlatforms) = preSolution
		Debug|Any CPU = Debug|Any CPU
		Release|Any CPU = Release|Any CPU
	EndGlobalSection
	GlobalSection(ProjectConfigurationPlatforms) = postSolution
		{31E33BB5-EDBD-47CF-8217-CC802E14FDB4}.Debug|Any CPU.ActiveCfg = Debug|Any CPU
		{31E33BB5-EDBD-47CF-8217-CC802E14FDB4}.Debug|Any CPU.Build.0 = Debug|Any CPU
		{31E33BB5-EDBD-47CF-8217-CC802E14FDB4}.Release|Any CPU.ActiveCfg = Release|Any CPU
		{31E33BB5-EDBD-47CF-8217-CC802E14FDB4}.Release|Any CPU.Build.0 = Release|Any CPU
	EndGlobalSection
	GlobalSection(SolutionProperties) = preSolution
		HideSolutionNode = FALSE
	EndGlobalSection
	GlobalSection(ExtensibilityGlobals) = postSolution
		SolutionGuid = {3059AE13-11A9-433D-A5D6-8FC2CBE7052D}
	EndGlobalSection
EndGlobal
